
Microsoft Visual Studio Solution File, Format Version 12.00
# Visual Studio Version 16
VisualStudioVersion = 16.0.30104.148
MinimumVisualStudioVersion = 10.0.40219.1
Project("{9A19103F-16F7-4668-BE54-9A1E7A4F7556}") = "Books", "Books\Books.csproj", "{6386599F-8A1C-4396-8D6C-58572A73693B}"
EndProject
Project("{FAE04EC0-301F-11D3-BF4B-00C04F79EFBC}") = "YieldReturn", "YieldReturn\YieldReturn.csproj", "{0C7AF119-25E4-4FE4-915C-2DF57CB07185}"
EndProject
Global
	GlobalSection(SolutionConfigurationPlatforms) = preSolution
		Debug|Any CPU = Debug|Any CPU
		Release|Any CPU = Release|Any CPU
	EndGlobalSection
	GlobalSection(ProjectConfigurationPlatforms) = postSolution
		{6386599F-8A1C-4396-8D6C-58572A73693B}.Debug|Any CPU.ActiveCfg = Debug|Any CPU
		{6386599F-8A1C-4396-8D6C-58572A73693B}.Debug|Any CPU.Build.0 = Debug|Any CPU
		{6386599F-8A1C-4396-8D6C-58572A73693B}.Release|Any CPU.ActiveCfg = Release|Any CPU
		{6386599F-8A1C-4396-8D6C-58572A73693B}.Release|Any CPU.Build.0 = Release|Any CPU
		{0C7AF119-25E4-4FE4-915C-2DF57CB07185}.Debug|Any CPU.ActiveCfg = Debug|Any CPU
		{0C7AF119-25E4-4FE4-915C-2DF57CB07185}.Debug|Any CPU.Build.0 = Debug|Any CPU
		{0C7AF119-25E4-4FE4-915C-2DF57CB07185}.Release|Any CPU.ActiveCfg = Release|Any CPU
		{0C7AF119-25E4-4FE4-915C-2DF57CB07185}.Release|Any CPU.Build.0 = Release|Any CPU
	EndGlobalSection
	GlobalSection(SolutionProperties) = preSolution
		HideSolutionNode = FALSE
	EndGlobalSection
	GlobalSection(ExtensibilityGlobals) = postSolution
		SolutionGuid = {A26A8824-422B-40FB-BBFF-8290C5070378}
	EndGlobalSection
EndGlobal
